
Microsoft Visual Studio Solution File, Format Version 12.00
# Visual Studio Version 17
VisualStudioVersion = 17.14.37314.3 d17.14
MinimumVisualStudioVersion = 10.0.40219.1
Project("{FAE04EC0-301F-11D3-BF4B-00C04F79EFBC}") = "Grocery_list_api", "Grocery_list_api.csproj", "{9848E667-DB21-4CE3-B35D-34E428C83004}"
EndProject
Project("{2150E333-8FDC-42A3-9474-1A3956D46DE8}") = "frontend", "frontend", "{02EA681E-C7D8-13C7-8484-4AC65E1B71E8}"
	ProjectSection(SolutionItems) = preProject
		index.html = index.html
	EndProjectSection
EndProject
Global
	GlobalSection(SolutionConfigurationPlatforms) = preSolution
		Debug|Any CPU = Debug|Any CPU
		Release|Any CPU = Release|Any CPU
	EndGlobalSection
	GlobalSection(ProjectConfigurationPlatforms) = postSolution
		{9848E667-DB21-4CE3-B35D-34E428C83004}.Debug|Any CPU.ActiveCfg = Debug|Any CPU
		{9848E667-DB21-4CE3-B35D-34E428C83004}.Debug|Any CPU.Build.0 = Debug|Any CPU
		{9848E667-DB21-4CE3-B35D-34E428C83004}.Release|Any CPU.ActiveCfg = Release|Any CPU
		{9848E667-DB21-4CE3-B35D-34E428C83004}.Release|Any CPU.Build.0 = Release|Any CPU
	EndGlobalSection
	GlobalSection(SolutionProperties) = preSolution
		HideSolutionNode = FALSE
	EndGlobalSection
	GlobalSection(ExtensibilityGlobals) = postSolution
		SolutionGuid = {D1A43230-97BC-4CCF-ABA7-F9B02E729F33}
	EndGlobalSection
EndGlobal
